<?xml version="1.0" encoding="utf-8"?>
<Project ToolsVersion="4.0" xmlns="http://schemas.microsoft.com/developer/msbuild/2003">
  <ItemGroup>
    <ClCompile Include="Core\Application.cpp" />
    <ClCompile Include="Core\AssetManager.cpp" />
    <ClCompile Include="Core\AudioManager.cpp" />
    <ClCompile Include="Core\Camera.cpp" />
    <ClCompile Include="Core\ECS\Manager.cpp" />
    <ClCompile Include="Core\ECS\System.cpp" />
    <ClCompile Include="Core\FileLoader.cpp" />
    <ClCompile Include="Core\InputManager.cpp" />
    <ClCompile Include="Core\InputPoller.cpp" />
    <ClCompile Include="Core\Logger.cpp" />
    <ClCompile Include="Core\Main.cpp" />
    <ClCompile Include="Core\Mesh.cpp" />
    <ClCompile Include="Core\MeshData.cpp" />
    <ClCompile Include="Core\Object.cpp" />
    <ClCompile Include="Core\Physics\CollisionManager.cpp" />
    <ClCompile Include="Core\Renderer.cpp" />
    <ClCompile Include="Core\Shader.cpp" />
    <ClCompile Include="Core\ShaderProgram.cpp" />
    <ClCompile Include="Core\Texture.cpp" />
    <ClCompile Include="Core\Timer.cpp" />
    <ClCompile Include="Core\EventSystem.cpp" />
    <ClCompile Include="Core\Dummy.cpp" />
  </ItemGroup>
  <ItemGroup>
    <ClInclude Include="Core\Application.h" />
    <ClInclude Include="Core\AssetManager.h" />
    <ClInclude Include="Core\AudioManager.h" />
    <ClInclude Include="Core\Camera.h" />
    <ClInclude Include="Core\ECS\Component.h" />
    <ClInclude Include="Core\ECS\ComponentStore.h" />
    <ClInclude Include="Core\ECS\ComponentType.h" />
    <ClInclude Include="Core\ECS\Entity.h" />
    <ClInclude Include="Core\ECS\Manager.h" />
    <ClInclude Include="Core\ECS\System.h" />
    <ClInclude Include="Core\FileLoader.h" />
    <ClInclude Include="Core\InputManager.h" />
    <ClInclude Include="Core\InputPoller.h" />
    <ClInclude Include="Core\Logger.h" />
    <ClInclude Include="Core\Mesh.h" />
    <ClInclude Include="Core\MeshData.h" />
    <ClInclude Include="Core\Object.h" />
    <ClInclude Include="Core\Physics\ColliderComponent.h" />
    <ClInclude Include="Core\Physics\CollisionManager.h" />
    <ClInclude Include="Core\Renderer.h" />
    <ClInclude Include="Core\Shader.h" />
    <ClInclude Include="Core\ShaderProgram.h" />
    <ClInclude Include="Core\Texture.h" />
    <ClInclude Include="Core\Timer.h" />
    <ClInclude Include="Core\Transform.h" />
    <ClInclude Include="Core\Types.h" />
    <ClInclude Include="Core\Vertex.h" />
    <ClInclude Include="Core\Event.h" />
    <ClInclude Include="Core\EventSystem.h" />
    <ClInclude Include="Core\Listener.h" />
    <ClInclude Include="Core\Dummy.h" />
  </ItemGroup>
  <ItemGroup>
    <None Include="Assets\FragmentShader.frag" />
    <None Include="Assets\VertexShader.vert" />
  </ItemGroup>
</Project>